
Microsoft Visual Studio Solution File, Format Version 12.00
# Visual Studio Version 16
VisualStudioVersion = 16.0.28516.95
MinimumVisualStudioVersion = 10.0.40219.1
Project("{FAE04EC0-301F-11D3-BF4B-00C04F79EFBC}") = "PuTTY Deployment", "PuTTY Deployment\PuTTY Deployment.csproj", "{0AD8F780-A965-4883-BD51-41710D156E6A}"
EndProject
Global
	GlobalSection(SolutionConfigurationPlatforms) = preSolution
		Debug|Any CPU = Debug|Any CPU
		Debug|ARM = Debug|ARM
		Debug|ARM64 = Debug|ARM64
		Debug|x64 = Debug|x64
		Debug|x86 = Debug|x86
		Release|Any CPU = Release|Any CPU
		Release|ARM = Release|ARM
		Release|ARM64 = Release|ARM64
		Release|x64 = Release|x64
		Release|x86 = Release|x86
	EndGlobalSection
	GlobalSection(ProjectConfigurationPlatforms) = postSolution
		{0AD8F780-A965-4883-BD51-41710D156E6A}.Debug|Any CPU.ActiveCfg = Debug|Any CPU
		{0AD8F780-A965-4883-BD51-41710D156E6A}.Debug|Any CPU.Build.0 = Debug|Any CPU
		{0AD8F780-A965-4883-BD51-41710D156E6A}.Debug|ARM.ActiveCfg = Debug|Any CPU
		{0AD8F780-A965-4883-BD51-41710D156E6A}.Debug|ARM.Build.0 = Debug|Any CPU
		{0AD8F780-A965-4883-BD51-41710D156E6A}.Debug|ARM64.ActiveCfg = Debug|Any CPU
		{0AD8F780-A965-4883-BD51-41710D156E6A}.Debug|ARM64.Build.0 = Debug|Any CPU
		{0AD8F780-A965-4883-BD51-41710D156E6A}.Debug|x64.ActiveCfg = Debug|Any CPU
		{0AD8F780-A965-4883-BD51-41710D156E6A}.Debug|x64.Build.0 = Debug|Any CPU
		{0AD8F780-A965-4883-BD51-41710D156E6A}.Debug|x86.ActiveCfg = Debug|Any CPU
		{0AD8F780-A965-4883-BD51-41710D156E6A}.Debug|x86.Build.0 = Debug|Any CPU
		{0AD8F780-A965-4883-BD51-41710D156E6A}.Release|Any CPU.ActiveCfg = Release|Any CPU
		{0AD8F780-A965-4883-BD51-41710D156E6A}.Release|Any CPU.Build.0 = Release|Any CPU
		{0AD8F780-A965-4883-BD51-41710D156E6A}.Release|ARM.ActiveCfg = Release|Any CPU
		{0AD8F780-A965-4883-BD51-41710D156E6A}.Release|ARM.Build.0 = Release|Any CPU
		{0AD8F780-A965-4883-BD51-41710D156E6A}.Release|ARM64.ActiveCfg = Release|Any CPU
		{0AD8F780-A965-4883-BD51-41710D156E6A}.Release|ARM64.Build.0 = Release|Any CPU
		{0AD8F780-A965-4883-BD51-41710D156E6A}.Release|x64.ActiveCfg = Release|Any CPU
		{0AD8F780-A965-4883-BD51-41710D156E6A}.Release|x64.Build.0 = Release|Any CPU
		{0AD8F780-A965-4883-BD51-41710D156E6A}.Release|x86.ActiveCfg = Release|Any CPU
		{0AD8F780-A965-4883-BD51-41710D156E6A}.Release|x86.Build.0 = Release|Any CPU
	EndGlobalSection
	GlobalSection(SolutionProperties) = preSolution
		HideSolutionNode = FALSE
	EndGlobalSection
	GlobalSection(ExtensibilityGlobals) = postSolution
		SolutionGuid = {94F78653-C990-4C7B-B0CC-4DEA493C3ADD}
	EndGlobalSection
EndGlobal
